
Microsoft Visual Studio Solution File, Format Version 12.00
# Visual Studio Version 17
VisualStudioVersion = 17.14.36301.6 d17.14
MinimumVisualStudioVersion = 10.0.40219.1
Project("{FAE04EC0-301F-11D3-BF4B-00C04F79EFBC}") = "WebAPIShop", "WebAPIShop\WebAPIShop.csproj", "{A18B6C22-61BE-4FA0-B735-78FE2FA85E3A}"
EndProject
Global
	GlobalSection(SolutionConfigurationPlatforms) = preSolution
		Debug|Any CPU = Debug|Any CPU
		Release|Any CPU = Release|Any CPU
	EndGlobalSection
	GlobalSection(ProjectConfigurationPlatforms) = postSolution
		{A18B6C22-61BE-4FA0-B735-78FE2FA85E3A}.Debug|Any CPU.ActiveCfg = Debug|Any CPU
		{A18B6C22-61BE-4FA0-B735-78FE2FA85E3A}.Debug|Any CPU.Build.0 = Debug|Any CPU
		{A18B6C22-61BE-4FA0-B735-78FE2FA85E3A}.Release|Any CPU.ActiveCfg = Release|Any CPU
		{A18B6C22-61BE-4FA0-B735-78FE2FA85E3A}.Release|Any CPU.Build.0 = Release|Any CPU
	EndGlobalSection
	GlobalSection(SolutionProperties) = preSolution
		HideSolutionNode = FALSE
	EndGlobalSection
	GlobalSection(ExtensibilityGlobals) = postSolution
		SolutionGuid = {E11FA022-D8EA-4F41-BD3D-6DA1DBDA9EF8}
	EndGlobalSection
EndGlobal
